
Microsoft Visual Studio Solution File, Format Version 12.00
# Visual Studio Version 17
VisualStudioVersion = 17.0.31912.275
MinimumVisualStudioVersion = 10.0.40219.1
Project("{FAE04EC0-301F-11D3-BF4B-00C04F79EFBC}") = "TPCuatrimestral_Equipo21", "TPCuatrimestral_Equipo21\TPCuatrimestral_Equipo21.csproj", "{EF035C40-9620-4D94-9E73-AF7251F55DBE}"
EndProject
Project("{FAE04EC0-301F-11D3-BF4B-00C04F79EFBC}") = "dominio", "dominio\dominio.csproj", "{D3A8536C-95C7-4BE2-BE60-60689BE6DD8B}"
EndProject
Project("{FAE04EC0-301F-11D3-BF4B-00C04F79EFBC}") = "negocio", "negocio\negocio.csproj", "{CF561FE1-AED1-4C88-AC1D-F77BCFF1147A}"
EndProject
Global
	GlobalSection(SolutionConfigurationPlatforms) = preSolution
		Debug|Any CPU = Debug|Any CPU
		Release|Any CPU = Release|Any CPU
	EndGlobalSection
	GlobalSection(ProjectConfigurationPlatforms) = postSolution
		{EF035C40-9620-4D94-9E73-AF7251F55DBE}.Debug|Any CPU.ActiveCfg = Debug|Any CPU
		{EF035C40-9620-4D94-9E73-AF7251F55DBE}.Debug|Any CPU.Build.0 = Debug|Any CPU
		{EF035C40-9620-4D94-9E73-AF7251F55DBE}.Release|Any CPU.ActiveCfg = Release|Any CPU
		{EF035C40-9620-4D94-9E73-AF7251F55DBE}.Release|Any CPU.Build.0 = Release|Any CPU
		{D3A8536C-95C7-4BE2-BE60-60689BE6DD8B}.Debug|Any CPU.ActiveCfg = Debug|Any CPU
		{D3A8536C-95C7-4BE2-BE60-60689BE6DD8B}.Debug|Any CPU.Build.0 = Debug|Any CPU
		{D3A8536C-95C7-4BE2-BE60-60689BE6DD8B}.Release|Any CPU.ActiveCfg = Release|Any CPU
		{D3A8536C-95C7-4BE2-BE60-60689BE6DD8B}.Release|Any CPU.Build.0 = Release|Any CPU
		{CF561FE1-AED1-4C88-AC1D-F77BCFF1147A}.Debug|Any CPU.ActiveCfg = Debug|Any CPU
		{CF561FE1-AED1-4C88-AC1D-F77BCFF1147A}.Debug|Any CPU.Build.0 = Debug|Any CPU
		{CF561FE1-AED1-4C88-AC1D-F77BCFF1147A}.Release|Any CPU.ActiveCfg = Release|Any CPU
		{CF561FE1-AED1-4C88-AC1D-F77BCFF1147A}.Release|Any CPU.Build.0 = Release|Any CPU
	EndGlobalSection
	GlobalSection(SolutionProperties) = preSolution
		HideSolutionNode = FALSE
	EndGlobalSection
	GlobalSection(ExtensibilityGlobals) = postSolution
		SolutionGuid = {763CD183-3D37-46F5-ABF2-AFF8173C4061}
	EndGlobalSection
EndGlobal
